
Microsoft Visual Studio Solution File, Format Version 12.00
# Visual Studio 2013
VisualStudioVersion = 12.0.30723.0
MinimumVisualStudioVersion = 10.0.40219.1
Project("{FAE04EC0-301F-11D3-BF4B-00C04F79EFBC}") = "ChangeString", "ChangeString\ChangeString.csproj", "{6759E876-C546-48B3-92CD-D74D6E8D1846}"
EndProject
Project("{FAE04EC0-301F-11D3-BF4B-00C04F79EFBC}") = "CompleteRange", "CompleteRange\CompleteRange.csproj", "{9EFB2484-1244-479A-BE81-A5D8F711F995}"
EndProject
Project("{FAE04EC0-301F-11D3-BF4B-00C04F79EFBC}") = "MoneyParts", "MoneyParts\MoneyParts.csproj", "{1798F2E5-9E7D-4FE6-841C-7978A75B2360}"
EndProject
Project("{2150E333-8FDC-42A3-9474-1A3956D46DE8}") = "WEB", "WEB", "{BAE20C95-E15D-4877-930B-2E2CF03F186B}"
EndProject
Project("{FAE04EC0-301F-11D3-BF4B-00C04F79EFBC}") = "ENTIDADES", "ENTIDADES\ENTIDADES.csproj", "{C82F6CA9-24DE-4DD1-8773-7E5DB7DE336F}"
EndProject
Project("{FAE04EC0-301F-11D3-BF4B-00C04F79EFBC}") = "ACCESO_DATOS", "ACCESO_DATOS\ACCESO_DATOS.csproj", "{3266A4BA-11E1-4093-B2BF-6D08F9C333A0}"
EndProject
Project("{FAE04EC0-301F-11D3-BF4B-00C04F79EFBC}") = "CONTROLADORA", "CONTROLADORA\CONTROLADORA.csproj", "{70B88F64-CD2D-428A-984D-5DBDB89A56AD}"
EndProject
Project("{FAE04EC0-301F-11D3-BF4B-00C04F79EFBC}") = "WebApi", "WebApi\WebApi.csproj", "{D4459975-334D-4D09-AD22-55FD508580BC}"
EndProject
Project("{FAE04EC0-301F-11D3-BF4B-00C04F79EFBC}") = "WcfService", "WcfService\WcfService.csproj", "{AEF01445-57B4-45E2-BD7A-EE419B0EE2E7}"
EndProject
Project("{FAE04EC0-301F-11D3-BF4B-00C04F79EFBC}") = "MVCApplication", "MVCApplication\MVCApplication.csproj", "{F8F61441-537D-4A33-BEB3-C377613AF62F}"
EndProject
Global
	GlobalSection(SolutionConfigurationPlatforms) = preSolution
		Debug|Any CPU = Debug|Any CPU
		Release|Any CPU = Release|Any CPU
	EndGlobalSection
	GlobalSection(ProjectConfigurationPlatforms) = postSolution
		{6759E876-C546-48B3-92CD-D74D6E8D1846}.Debug|Any CPU.ActiveCfg = Debug|Any CPU
		{6759E876-C546-48B3-92CD-D74D6E8D1846}.Debug|Any CPU.Build.0 = Debug|Any CPU
		{6759E876-C546-48B3-92CD-D74D6E8D1846}.Release|Any CPU.ActiveCfg = Release|Any CPU
		{6759E876-C546-48B3-92CD-D74D6E8D1846}.Release|Any CPU.Build.0 = Release|Any CPU
		{9EFB2484-1244-479A-BE81-A5D8F711F995}.Debug|Any CPU.ActiveCfg = Debug|Any CPU
		{9EFB2484-1244-479A-BE81-A5D8F711F995}.Debug|Any CPU.Build.0 = Debug|Any CPU
		{9EFB2484-1244-479A-BE81-A5D8F711F995}.Release|Any CPU.ActiveCfg = Release|Any CPU
		{9EFB2484-1244-479A-BE81-A5D8F711F995}.Release|Any CPU.Build.0 = Release|Any CPU
		{1798F2E5-9E7D-4FE6-841C-7978A75B2360}.Debug|Any CPU.ActiveCfg = Debug|Any CPU
		{1798F2E5-9E7D-4FE6-841C-7978A75B2360}.Debug|Any CPU.Build.0 = Debug|Any CPU
		{1798F2E5-9E7D-4FE6-841C-7978A75B2360}.Release|Any CPU.ActiveCfg = Release|Any CPU
		{1798F2E5-9E7D-4FE6-841C-7978A75B2360}.Release|Any CPU.Build.0 = Release|Any CPU
		{C82F6CA9-24DE-4DD1-8773-7E5DB7DE336F}.Debug|Any CPU.ActiveCfg = Debug|Any CPU
		{C82F6CA9-24DE-4DD1-8773-7E5DB7DE336F}.Debug|Any CPU.Build.0 = Debug|Any CPU
		{C82F6CA9-24DE-4DD1-8773-7E5DB7DE336F}.Release|Any CPU.ActiveCfg = Release|Any CPU
		{C82F6CA9-24DE-4DD1-8773-7E5DB7DE336F}.Release|Any CPU.Build.0 = Release|Any CPU
		{3266A4BA-11E1-4093-B2BF-6D08F9C333A0}.Debug|Any CPU.ActiveCfg = Debug|Any CPU
		{3266A4BA-11E1-4093-B2BF-6D08F9C333A0}.Debug|Any CPU.Build.0 = Debug|Any CPU
		{3266A4BA-11E1-4093-B2BF-6D08F9C333A0}.Release|Any CPU.ActiveCfg = Release|Any CPU
		{3266A4BA-11E1-4093-B2BF-6D08F9C333A0}.Release|Any CPU.Build.0 = Release|Any CPU
		{70B88F64-CD2D-428A-984D-5DBDB89A56AD}.Debug|Any CPU.ActiveCfg = Debug|Any CPU
		{70B88F64-CD2D-428A-984D-5DBDB89A56AD}.Debug|Any CPU.Build.0 = Debug|Any CPU
		{70B88F64-CD2D-428A-984D-5DBDB89A56AD}.Release|Any CPU.ActiveCfg = Release|Any CPU
		{70B88F64-CD2D-428A-984D-5DBDB89A56AD}.Release|Any CPU.Build.0 = Release|Any CPU
		{D4459975-334D-4D09-AD22-55FD508580BC}.Debug|Any CPU.ActiveCfg = Debug|Any CPU
		{D4459975-334D-4D09-AD22-55FD508580BC}.Debug|Any CPU.Build.0 = Debug|Any CPU
		{D4459975-334D-4D09-AD22-55FD508580BC}.Release|Any CPU.ActiveCfg = Release|Any CPU
		{D4459975-334D-4D09-AD22-55FD508580BC}.Release|Any CPU.Build.0 = Release|Any CPU
		{AEF01445-57B4-45E2-BD7A-EE419B0EE2E7}.Debug|Any CPU.ActiveCfg = Debug|Any CPU
		{AEF01445-57B4-45E2-BD7A-EE419B0EE2E7}.Debug|Any CPU.Build.0 = Debug|Any CPU
		{AEF01445-57B4-45E2-BD7A-EE419B0EE2E7}.Release|Any CPU.ActiveCfg = Release|Any CPU
		{AEF01445-57B4-45E2-BD7A-EE419B0EE2E7}.Release|Any CPU.Build.0 = Release|Any CPU
		{F8F61441-537D-4A33-BEB3-C377613AF62F}.Debug|Any CPU.ActiveCfg = Debug|Any CPU
		{F8F61441-537D-4A33-BEB3-C377613AF62F}.Debug|Any CPU.Build.0 = Debug|Any CPU
		{F8F61441-537D-4A33-BEB3-C377613AF62F}.Release|Any CPU.ActiveCfg = Release|Any CPU
		{F8F61441-537D-4A33-BEB3-C377613AF62F}.Release|Any CPU.Build.0 = Release|Any CPU
	EndGlobalSection
	GlobalSection(SolutionProperties) = preSolution
		HideSolutionNode = FALSE
	EndGlobalSection
	GlobalSection(NestedProjects) = preSolution
		{C82F6CA9-24DE-4DD1-8773-7E5DB7DE336F} = {BAE20C95-E15D-4877-930B-2E2CF03F186B}
		{3266A4BA-11E1-4093-B2BF-6D08F9C333A0} = {BAE20C95-E15D-4877-930B-2E2CF03F186B}
		{70B88F64-CD2D-428A-984D-5DBDB89A56AD} = {BAE20C95-E15D-4877-930B-2E2CF03F186B}
		{D4459975-334D-4D09-AD22-55FD508580BC} = {BAE20C95-E15D-4877-930B-2E2CF03F186B}
		{AEF01445-57B4-45E2-BD7A-EE419B0EE2E7} = {BAE20C95-E15D-4877-930B-2E2CF03F186B}
		{F8F61441-537D-4A33-BEB3-C377613AF62F} = {BAE20C95-E15D-4877-930B-2E2CF03F186B}
	EndGlobalSection
EndGlobal
